
Microsoft Visual Studio Solution File, Format Version 12.00
# Visual Studio 14
VisualStudioVersion = 14.0.25123.0
MinimumVisualStudioVersion = 10.0.40219.1
Project("{2150E333-8FDC-42A3-9474-1A3956D46DE8}") = "BusinessLogicLayer", "BusinessLogicLayer", "{688E1EBD-A730-4F66-AB00-935DD6093F21}"
EndProject
Project("{2150E333-8FDC-42A3-9474-1A3956D46DE8}") = "DataAccessLayer", "DataAccessLayer", "{18266361-F3A4-4DA5-BBC8-21A9789E8F3F}"
EndProject
Project("{2150E333-8FDC-42A3-9474-1A3956D46DE8}") = "Web", "Web", "{5723F025-FB91-4661-8563-7AEB8D2673B6}"
EndProject
Project("{FAE04EC0-301F-11D3-BF4B-00C04F79EFBC}") = "RUReadyAPI", "RUReadyAPI\RUReadyAPI.csproj", "{7CE34748-E083-4BEB-9B0F-A47A48A760EF}"
EndProject
Project("{FAE04EC0-301F-11D3-BF4B-00C04F79EFBC}") = "RUReadyAPI.Tests", "RUReadyAPI.Tests\RUReadyAPI.Tests.csproj", "{73A7F009-5A6F-45E9-99D1-10D34695E896}"
EndProject
Project("{FAE04EC0-301F-11D3-BF4B-00C04F79EFBC}") = "DTOs", "DTOs\DTOs.csproj", "{1F7D87DE-86D3-480B-AEF0-BF6819336236}"
EndProject
Project("{FAE04EC0-301F-11D3-BF4B-00C04F79EFBC}") = "Services", "Services\Services.csproj", "{5F05841D-99F9-4305-A770-C6E59794DA0B}"
EndProject
Project("{FAE04EC0-301F-11D3-BF4B-00C04F79EFBC}") = "Repositories", "Repositories\Repositories.csproj", "{8F0EFEDB-3A97-44BC-90EC-4AB1C125B19A}"
EndProject
Project("{FAE04EC0-301F-11D3-BF4B-00C04F79EFBC}") = "Models", "Models\Models.csproj", "{491AED53-980D-4B1B-8541-7E2B0FFAC6A4}"
EndProject
Project("{2150E333-8FDC-42A3-9474-1A3956D46DE8}") = "Mobile", "Mobile", "{F62ECDC4-DB8B-4338-87CA-8B5AC27B1883}"
EndProject
Project("{FAE04EC0-301F-11D3-BF4B-00C04F79EFBC}") = "RUReadyMobileApp.Droid", "RUReadyMobileApp\RUReadyMobileApp.Droid\RUReadyMobileApp.Droid.csproj", "{8DA76ACD-2CB0-4DB8-A5A5-8B686DA380C8}"
EndProject
Project("{FAE04EC0-301F-11D3-BF4B-00C04F79EFBC}") = "RUReadyMobileApp.iOS", "RUReadyMobileApp\RUReadyMobileApp.iOS\RUReadyMobileApp.iOS.csproj", "{5CE16738-EDD0-4B31-811D-A51C9AA3FB5A}"
EndProject
Project("{FAE04EC0-301F-11D3-BF4B-00C04F79EFBC}") = "RUReadyMobileApp.WinPhone", "RUReadyMobileApp\RUReadyMobileApp.WinPhone\RUReadyMobileApp.WinPhone.csproj", "{42C0466A-30E7-4789-9FC1-889635ADC8F8}"
EndProject
Project("{FAE04EC0-301F-11D3-BF4B-00C04F79EFBC}") = "RUReadyMobileApp.Windows", "RUReadyMobileApp\RUReadyMobileApp.Windows\RUReadyMobileApp.Windows.csproj", "{34A627DE-A8C3-4239-838C-FA8420A11153}"
EndProject
Project("{D954291E-2A0B-460D-934E-DC6B0785DB48}") = "RUReadyMobileApp", "RUReadyMobileApp\RUReadyMobileApp\RUReadyMobileApp.shproj", "{BBE74A4E-5DFC-49F5-905E-AB01DDE8C041}"
EndProject
Global
	GlobalSection(SharedMSBuildProjectFiles) = preSolution
		RUReadyMobileApp\RUReadyMobileApp\RUReadyMobileApp.projitems*{bbe74a4e-5dfc-49f5-905e-ab01dde8c041}*SharedItemsImports = 13
	EndGlobalSection
	GlobalSection(SolutionConfigurationPlatforms) = preSolution
		Ad-Hoc|Any CPU = Ad-Hoc|Any CPU
		Ad-Hoc|ARM = Ad-Hoc|ARM
		Ad-Hoc|iPhone = Ad-Hoc|iPhone
		Ad-Hoc|iPhoneSimulator = Ad-Hoc|iPhoneSimulator
		Ad-Hoc|x64 = Ad-Hoc|x64
		Ad-Hoc|x86 = Ad-Hoc|x86
		AppStore|Any CPU = AppStore|Any CPU
		AppStore|ARM = AppStore|ARM
		AppStore|iPhone = AppStore|iPhone
		AppStore|iPhoneSimulator = AppStore|iPhoneSimulator
		AppStore|x64 = AppStore|x64
		AppStore|x86 = AppStore|x86
		Debug|Any CPU = Debug|Any CPU
		Debug|ARM = Debug|ARM
		Debug|iPhone = Debug|iPhone
		Debug|iPhoneSimulator = Debug|iPhoneSimulator
		Debug|x64 = Debug|x64
		Debug|x86 = Debug|x86
		Release|Any CPU = Release|Any CPU
		Release|ARM = Release|ARM
		Release|iPhone = Release|iPhone
		Release|iPhoneSimulator = Release|iPhoneSimulator
		Release|x64 = Release|x64
		Release|x86 = Release|x86
	EndGlobalSection
	GlobalSection(ProjectConfigurationPlatforms) = postSolution
		{7CE34748-E083-4BEB-9B0F-A47A48A760EF}.Ad-Hoc|Any CPU.ActiveCfg = Release|Any CPU
		{7CE34748-E083-4BEB-9B0F-A47A48A760EF}.Ad-Hoc|Any CPU.Build.0 = Release|Any CPU
		{7CE34748-E083-4BEB-9B0F-A47A48A760EF}.Ad-Hoc|ARM.ActiveCfg = Release|Any CPU
		{7CE34748-E083-4BEB-9B0F-A47A48A760EF}.Ad-Hoc|ARM.Build.0 = Release|Any CPU
		{7CE34748-E083-4BEB-9B0F-A47A48A760EF}.Ad-Hoc|iPhone.ActiveCfg = Release|Any CPU
		{7CE34748-E083-4BEB-9B0F-A47A48A760EF}.Ad-Hoc|iPhone.Build.0 = Release|Any CPU
		{7CE34748-E083-4BEB-9B0F-A47A48A760EF}.Ad-Hoc|iPhoneSimulator.ActiveCfg = Release|Any CPU
		{7CE34748-E083-4BEB-9B0F-A47A48A760EF}.Ad-Hoc|iPhoneSimulator.Build.0 = Release|Any CPU
		{7CE34748-E083-4BEB-9B0F-A47A48A760EF}.Ad-Hoc|x64.ActiveCfg = Release|Any CPU
		{7CE34748-E083-4BEB-9B0F-A47A48A760EF}.Ad-Hoc|x64.Build.0 = Release|Any CPU
		{7CE34748-E083-4BEB-9B0F-A47A48A760EF}.Ad-Hoc|x86.ActiveCfg = Release|Any CPU
		{7CE34748-E083-4BEB-9B0F-A47A48A760EF}.Ad-Hoc|x86.Build.0 = Release|Any CPU
		{7CE34748-E083-4BEB-9B0F-A47A48A760EF}.AppStore|Any CPU.ActiveCfg = Release|Any CPU
		{7CE34748-E083-4BEB-9B0F-A47A48A760EF}.AppStore|Any CPU.Build.0 = Release|Any CPU
		{7CE34748-E083-4BEB-9B0F-A47A48A760EF}.AppStore|ARM.ActiveCfg = Release|Any CPU
		{7CE34748-E083-4BEB-9B0F-A47A48A760EF}.AppStore|ARM.Build.0 = Release|Any CPU
		{7CE34748-E083-4BEB-9B0F-A47A48A760EF}.AppStore|iPhone.ActiveCfg = Release|Any CPU
		{7CE34748-E083-4BEB-9B0F-A47A48A760EF}.AppStore|iPhone.Build.0 = Release|Any CPU
		{7CE34748-E083-4BEB-9B0F-A47A48A760EF}.AppStore|iPhoneSimulator.ActiveCfg = Release|Any CPU
		{7CE34748-E083-4BEB-9B0F-A47A48A760EF}.AppStore|iPhoneSimulator.Build.0 = Release|Any CPU
		{7CE34748-E083-4BEB-9B0F-A47A48A760EF}.AppStore|x64.ActiveCfg = Release|Any CPU
		{7CE34748-E083-4BEB-9B0F-A47A48A760EF}.AppStore|x64.Build.0 = Release|Any CPU
		{7CE34748-E083-4BEB-9B0F-A47A48A760EF}.AppStore|x86.ActiveCfg = Release|Any CPU
		{7CE34748-E083-4BEB-9B0F-A47A48A760EF}.AppStore|x86.Build.0 = Release|Any CPU
		{7CE34748-E083-4BEB-9B0F-A47A48A760EF}.Debug|Any CPU.ActiveCfg = Debug|Any CPU
		{7CE34748-E083-4BEB-9B0F-A47A48A760EF}.Debug|Any CPU.Build.0 = Debug|Any CPU
		{7CE34748-E083-4BEB-9B0F-A47A48A760EF}.Debug|ARM.ActiveCfg = Debug|Any CPU
		{7CE34748-E083-4BEB-9B0F-A47A48A760EF}.Debug|ARM.Build.0 = Debug|Any CPU
		{7CE34748-E083-4BEB-9B0F-A47A48A760EF}.Debug|iPhone.ActiveCfg = Debug|Any CPU
		{7CE34748-E083-4BEB-9B0F-A47A48A760EF}.Debug|iPhone.Build.0 = Debug|Any CPU
		{7CE34748-E083-4BEB-9B0F-A47A48A760EF}.Debug|iPhoneSimulator.ActiveCfg = Debug|Any CPU
		{7CE34748-E083-4BEB-9B0F-A47A48A760EF}.Debug|iPhoneSimulator.Build.0 = Debug|Any CPU
		{7CE34748-E083-4BEB-9B0F-A47A48A760EF}.Debug|x64.ActiveCfg = Debug|Any CPU
		{7CE34748-E083-4BEB-9B0F-A47A48A760EF}.Debug|x64.Build.0 = Debug|Any CPU
		{7CE34748-E083-4BEB-9B0F-A47A48A760EF}.Debug|x86.ActiveCfg = Debug|Any CPU
		{7CE34748-E083-4BEB-9B0F-A47A48A760EF}.Debug|x86.Build.0 = Debug|Any CPU
		{7CE34748-E083-4BEB-9B0F-A47A48A760EF}.Release|Any CPU.ActiveCfg = Release|Any CPU
		{7CE34748-E083-4BEB-9B0F-A47A48A760EF}.Release|Any CPU.Build.0 = Release|Any CPU
		{7CE34748-E083-4BEB-9B0F-A47A48A760EF}.Release|ARM.ActiveCfg = Release|Any CPU
		{7CE34748-E083-4BEB-9B0F-A47A48A760EF}.Release|ARM.Build.0 = Release|Any CPU
		{7CE34748-E083-4BEB-9B0F-A47A48A760EF}.Release|iPhone.ActiveCfg = Release|Any CPU
		{7CE34748-E083-4BEB-9B0F-A47A48A760EF}.Release|iPhone.Build.0 = Release|Any CPU
		{7CE34748-E083-4BEB-9B0F-A47A48A760EF}.Release|iPhoneSimulator.ActiveCfg = Release|Any CPU
		{7CE34748-E083-4BEB-9B0F-A47A48A760EF}.Release|iPhoneSimulator.Build.0 = Release|Any CPU
		{7CE34748-E083-4BEB-9B0F-A47A48A760EF}.Release|x64.ActiveCfg = Release|Any CPU
		{7CE34748-E083-4BEB-9B0F-A47A48A760EF}.Release|x64.Build.0 = Release|Any CPU
		{7CE34748-E083-4BEB-9B0F-A47A48A760EF}.Release|x86.ActiveCfg = Release|Any CPU
		{7CE34748-E083-4BEB-9B0F-A47A48A760EF}.Release|x86.Build.0 = Release|Any CPU
		{73A7F009-5A6F-45E9-99D1-10D34695E896}.Ad-Hoc|Any CPU.ActiveCfg = Release|Any CPU
		{73A7F009-5A6F-45E9-99D1-10D34695E896}.Ad-Hoc|Any CPU.Build.0 = Release|Any CPU
		{73A7F009-5A6F-45E9-99D1-10D34695E896}.Ad-Hoc|ARM.ActiveCfg = Release|Any CPU
		{73A7F009-5A6F-45E9-99D1-10D34695E896}.Ad-Hoc|ARM.Build.0 = Release|Any CPU
		{73A7F009-5A6F-45E9-99D1-10D34695E896}.Ad-Hoc|iPhone.ActiveCfg = Release|Any CPU
		{73A7F009-5A6F-45E9-99D1-10D34695E896}.Ad-Hoc|iPhone.Build.0 = Release|Any CPU
		{73A7F009-5A6F-45E9-99D1-10D34695E896}.Ad-Hoc|iPhoneSimulator.ActiveCfg = Release|Any CPU
		{73A7F009-5A6F-45E9-99D1-10D34695E896}.Ad-Hoc|iPhoneSimulator.Build.0 = Release|Any CPU
		{73A7F009-5A6F-45E9-99D1-10D34695E896}.Ad-Hoc|x64.ActiveCfg = Release|Any CPU
		{73A7F009-5A6F-45E9-99D1-10D34695E896}.Ad-Hoc|x64.Build.0 = Release|Any CPU
		{73A7F009-5A6F-45E9-99D1-10D34695E896}.Ad-Hoc|x86.ActiveCfg = Release|Any CPU
		{73A7F009-5A6F-45E9-99D1-10D34695E896}.Ad-Hoc|x86.Build.0 = Release|Any CPU
		{73A7F009-5A6F-45E9-99D1-10D34695E896}.AppStore|Any CPU.ActiveCfg = Release|Any CPU
		{73A7F009-5A6F-45E9-99D1-10D34695E896}.AppStore|Any CPU.Build.0 = Release|Any CPU
		{73A7F009-5A6F-45E9-99D1-10D34695E896}.AppStore|ARM.ActiveCfg = Release|Any CPU
		{73A7F009-5A6F-45E9-99D1-10D34695E896}.AppStore|ARM.Build.0 = Release|Any CPU
		{73A7F009-5A6F-45E9-99D1-10D34695E896}.AppStore|iPhone.ActiveCfg = Release|Any CPU
		{73A7F009-5A6F-45E9-99D1-10D34695E896}.AppStore|iPhone.Build.0 = Release|Any CPU
		{73A7F009-5A6F-45E9-99D1-10D34695E896}.AppStore|iPhoneSimulator.ActiveCfg = Release|Any CPU
		{73A7F009-5A6F-45E9-99D1-10D34695E896}.AppStore|iPhoneSimulator.Build.0 = Release|Any CPU
		{73A7F009-5A6F-45E9-99D1-10D34695E896}.AppStore|x64.ActiveCfg = Release|Any CPU
		{73A7F009-5A6F-45E9-99D1-10D34695E896}.AppStore|x64.Build.0 = Release|Any CPU
		{73A7F009-5A6F-45E9-99D1-10D34695E896}.AppStore|x86.ActiveCfg = Release|Any CPU
		{73A7F009-5A6F-45E9-99D1-10D34695E896}.AppStore|x86.Build.0 = Release|Any CPU
		{73A7F009-5A6F-45E9-99D1-10D34695E896}.Debug|Any CPU.ActiveCfg = Debug|Any CPU
		{73A7F009-5A6F-45E9-99D1-10D34695E896}.Debug|Any CPU.Build.0 = Debug|Any CPU
		{73A7F009-5A6F-45E9-99D1-10D34695E896}.Debug|ARM.ActiveCfg = Debug|Any CPU
		{73A7F009-5A6F-45E9-99D1-10D34695E896}.Debug|ARM.Build.0 = Debug|Any CPU
		{73A7F009-5A6F-45E9-99D1-10D34695E896}.Debug|iPhone.ActiveCfg = Debug|Any CPU
		{73A7F009-5A6F-45E9-99D1-10D34695E896}.Debug|iPhone.Build.0 = Debug|Any CPU
		{73A7F009-5A6F-45E9-99D1-10D34695E896}.Debug|iPhoneSimulator.ActiveCfg = Debug|Any CPU
		{73A7F009-5A6F-45E9-99D1-10D34695E896}.Debug|iPhoneSimulator.Build.0 = Debug|Any CPU
		{73A7F009-5A6F-45E9-99D1-10D34695E896}.Debug|x64.ActiveCfg = Debug|Any CPU
		{73A7F009-5A6F-45E9-99D1-10D34695E896}.Debug|x64.Build.0 = Debug|Any CPU
		{73A7F009-5A6F-45E9-99D1-10D34695E896}.Debug|x86.ActiveCfg = Debug|Any CPU
		{73A7F009-5A6F-45E9-99D1-10D34695E896}.Debug|x86.Build.0 = Debug|Any CPU
		{73A7F009-5A6F-45E9-99D1-10D34695E896}.Release|Any CPU.ActiveCfg = Release|Any CPU
		{73A7F009-5A6F-45E9-99D1-10D34695E896}.Release|Any CPU.Build.0 = Release|Any CPU
		{73A7F009-5A6F-45E9-99D1-10D34695E896}.Release|ARM.ActiveCfg = Release|Any CPU
		{73A7F009-5A6F-45E9-99D1-10D34695E896}.Release|ARM.Build.0 = Release|Any CPU
		{73A7F009-5A6F-45E9-99D1-10D34695E896}.Release|iPhone.ActiveCfg = Release|Any CPU
		{73A7F009-5A6F-45E9-99D1-10D34695E896}.Release|iPhone.Build.0 = Release|Any CPU
		{73A7F009-5A6F-45E9-99D1-10D34695E896}.Release|iPhoneSimulator.ActiveCfg = Release|Any CPU
		{73A7F009-5A6F-45E9-99D1-10D34695E896}.Release|iPhoneSimulator.Build.0 = Release|Any CPU
		{73A7F009-5A6F-45E9-99D1-10D34695E896}.Release|x64.ActiveCfg = Release|Any CPU
		{73A7F009-5A6F-45E9-99D1-10D34695E896}.Release|x64.Build.0 = Release|Any CPU
		{73A7F009-5A6F-45E9-99D1-10D34695E896}.Release|x86.ActiveCfg = Release|Any CPU
		{73A7F009-5A6F-45E9-99D1-10D34695E896}.Release|x86.Build.0 = Release|Any CPU
		{1F7D87DE-86D3-480B-AEF0-BF6819336236}.Ad-Hoc|Any CPU.ActiveCfg = Release|Any CPU
		{1F7D87DE-86D3-480B-AEF0-BF6819336236}.Ad-Hoc|Any CPU.Build.0 = Release|Any CPU
		{1F7D87DE-86D3-480B-AEF0-BF6819336236}.Ad-Hoc|ARM.ActiveCfg = Release|Any CPU
		{1F7D87DE-86D3-480B-AEF0-BF6819336236}.Ad-Hoc|ARM.Build.0 = Release|Any CPU
		{1F7D87DE-86D3-480B-AEF0-BF6819336236}.Ad-Hoc|iPhone.ActiveCfg = Release|Any CPU
		{1F7D87DE-86D3-480B-AEF0-BF6819336236}.Ad-Hoc|iPhone.Build.0 = Release|Any CPU
		{1F7D87DE-86D3-480B-AEF0-BF6819336236}.Ad-Hoc|iPhoneSimulator.ActiveCfg = Release|Any CPU
		{1F7D87DE-86D3-480B-AEF0-BF6819336236}.Ad-Hoc|iPhoneSimulator.Build.0 = Release|Any CPU
		{1F7D87DE-86D3-480B-AEF0-BF6819336236}.Ad-Hoc|x64.ActiveCfg = Release|Any CPU
		{1F7D87DE-86D3-480B-AEF0-BF6819336236}.Ad-Hoc|x64.Build.0 = Release|Any CPU
		{1F7D87DE-86D3-480B-AEF0-BF6819336236}.Ad-Hoc|x86.ActiveCfg = Release|Any CPU
		{1F7D87DE-86D3-480B-AEF0-BF6819336236}.Ad-Hoc|x86.Build.0 = Release|Any CPU
		{1F7D87DE-86D3-480B-AEF0-BF6819336236}.AppStore|Any CPU.ActiveCfg = Release|Any CPU
		{1F7D87DE-86D3-480B-AEF0-BF6819336236}.AppStore|Any CPU.Build.0 = Release|Any CPU
		{1F7D87DE-86D3-480B-AEF0-BF6819336236}.AppStore|ARM.ActiveCfg = Release|Any CPU
		{1F7D87DE-86D3-480B-AEF0-BF6819336236}.AppStore|ARM.Build.0 = Release|Any CPU
		{1F7D87DE-86D3-480B-AEF0-BF6819336236}.AppStore|iPhone.ActiveCfg = Release|Any CPU
		{1F7D87DE-86D3-480B-AEF0-BF6819336236}.AppStore|iPhone.Build.0 = Release|Any CPU
		{1F7D87DE-86D3-480B-AEF0-BF6819336236}.AppStore|iPhoneSimulator.ActiveCfg = Release|Any CPU
		{1F7D87DE-86D3-480B-AEF0-BF6819336236}.AppStore|iPhoneSimulator.Build.0 = Release|Any CPU
		{1F7D87DE-86D3-480B-AEF0-BF6819336236}.AppStore|x64.ActiveCfg = Release|Any CPU
		{1F7D87DE-86D3-480B-AEF0-BF6819336236}.AppStore|x64.Build.0 = Release|Any CPU
		{1F7D87DE-86D3-480B-AEF0-BF6819336236}.AppStore|x86.ActiveCfg = Release|Any CPU
		{1F7D87DE-86D3-480B-AEF0-BF6819336236}.AppStore|x86.Build.0 = Release|Any CPU
		{1F7D87DE-86D3-480B-AEF0-BF6819336236}.Debug|Any CPU.ActiveCfg = Debug|Any CPU
		{1F7D87DE-86D3-480B-AEF0-BF6819336236}.Debug|Any CPU.Build.0 = Debug|Any CPU
		{1F7D87DE-86D3-480B-AEF0-BF6819336236}.Debug|ARM.ActiveCfg = Debug|Any CPU
		{1F7D87DE-86D3-480B-AEF0-BF6819336236}.Debug|ARM.Build.0 = Debug|Any CPU
		{1F7D87DE-86D3-480B-AEF0-BF6819336236}.Debug|iPhone.ActiveCfg = Debug|Any CPU
		{1F7D87DE-86D3-480B-AEF0-BF6819336236}.Debug|iPhone.Build.0 = Debug|Any CPU
		{1F7D87DE-86D3-480B-AEF0-BF6819336236}.Debug|iPhoneSimulator.ActiveCfg = Debug|Any CPU
		{1F7D87DE-86D3-480B-AEF0-BF6819336236}.Debug|iPhoneSimulator.Build.0 = Debug|Any CPU
		{1F7D87DE-86D3-480B-AEF0-BF6819336236}.Debug|x64.ActiveCfg = Debug|Any CPU
		{1F7D87DE-86D3-480B-AEF0-BF6819336236}.Debug|x64.Build.0 = Debug|Any CPU
		{1F7D87DE-86D3-480B-AEF0-BF6819336236}.Debug|x86.ActiveCfg = Debug|Any CPU
		{1F7D87DE-86D3-480B-AEF0-BF6819336236}.Debug|x86.Build.0 = Debug|Any CPU
		{1F7D87DE-86D3-480B-AEF0-BF6819336236}.Release|Any CPU.ActiveCfg = Release|Any CPU
		{1F7D87DE-86D3-480B-AEF0-BF6819336236}.Release|Any CPU.Build.0 = Release|Any CPU
		{1F7D87DE-86D3-480B-AEF0-BF6819336236}.Release|ARM.ActiveCfg = Release|Any CPU
		{1F7D87DE-86D3-480B-AEF0-BF6819336236}.Release|ARM.Build.0 = Release|Any CPU
		{1F7D87DE-86D3-480B-AEF0-BF6819336236}.Release|iPhone.ActiveCfg = Release|Any CPU
		{1F7D87DE-86D3-480B-AEF0-BF6819336236}.Release|iPhone.Build.0 = Release|Any CPU
		{1F7D87DE-86D3-480B-AEF0-BF6819336236}.Release|iPhoneSimulator.ActiveCfg = Release|Any CPU
		{1F7D87DE-86D3-480B-AEF0-BF6819336236}.Release|iPhoneSimulator.Build.0 = Release|Any CPU
		{1F7D87DE-86D3-480B-AEF0-BF6819336236}.Release|x64.ActiveCfg = Release|Any CPU
		{1F7D87DE-86D3-480B-AEF0-BF6819336236}.Release|x64.Build.0 = Release|Any CPU
		{1F7D87DE-86D3-480B-AEF0-BF6819336236}.Release|x86.ActiveCfg = Release|Any CPU
		{1F7D87DE-86D3-480B-AEF0-BF6819336236}.Release|x86.Build.0 = Release|Any CPU
		{5F05841D-99F9-4305-A770-C6E59794DA0B}.Ad-Hoc|Any CPU.ActiveCfg = Release|Any CPU
		{5F05841D-99F9-4305-A770-C6E59794DA0B}.Ad-Hoc|Any CPU.Build.0 = Release|Any CPU
		{5F05841D-99F9-4305-A770-C6E59794DA0B}.Ad-Hoc|ARM.ActiveCfg = Release|Any CPU
		{5F05841D-99F9-4305-A770-C6E59794DA0B}.Ad-Hoc|ARM.Build.0 = Release|Any CPU
		{5F05841D-99F9-4305-A770-C6E59794DA0B}.Ad-Hoc|iPhone.ActiveCfg = Release|Any CPU
		{5F05841D-99F9-4305-A770-C6E59794DA0B}.Ad-Hoc|iPhone.Build.0 = Release|Any CPU
		{5F05841D-99F9-4305-A770-C6E59794DA0B}.Ad-Hoc|iPhoneSimulator.ActiveCfg = Release|Any CPU
		{5F05841D-99F9-4305-A770-C6E59794DA0B}.Ad-Hoc|iPhoneSimulator.Build.0 = Release|Any CPU
		{5F05841D-99F9-4305-A770-C6E59794DA0B}.Ad-Hoc|x64.ActiveCfg = Release|Any CPU
		{5F05841D-99F9-4305-A770-C6E59794DA0B}.Ad-Hoc|x64.Build.0 = Release|Any CPU
		{5F05841D-99F9-4305-A770-C6E59794DA0B}.Ad-Hoc|x86.ActiveCfg = Release|Any CPU
		{5F05841D-99F9-4305-A770-C6E59794DA0B}.Ad-Hoc|x86.Build.0 = Release|Any CPU
		{5F05841D-99F9-4305-A770-C6E59794DA0B}.AppStore|Any CPU.ActiveCfg = Release|Any CPU
		{5F05841D-99F9-4305-A770-C6E59794DA0B}.AppStore|Any CPU.Build.0 = Release|Any CPU
		{5F05841D-99F9-4305-A770-C6E59794DA0B}.AppStore|ARM.ActiveCfg = Release|Any CPU
		{5F05841D-99F9-4305-A770-C6E59794DA0B}.AppStore|ARM.Build.0 = Release|Any CPU
		{5F05841D-99F9-4305-A770-C6E59794DA0B}.AppStore|iPhone.ActiveCfg = Release|Any CPU
		{5F05841D-99F9-4305-A770-C6E59794DA0B}.AppStore|iPhone.Build.0 = Release|Any CPU
		{5F05841D-99F9-4305-A770-C6E59794DA0B}.AppStore|iPhoneSimulator.ActiveCfg = Release|Any CPU
		{5F05841D-99F9-4305-A770-C6E59794DA0B}.AppStore|iPhoneSimulator.Build.0 = Release|Any CPU
		{5F05841D-99F9-4305-A770-C6E59794DA0B}.AppStore|x64.ActiveCfg = Release|Any CPU
		{5F05841D-99F9-4305-A770-C6E59794DA0B}.AppStore|x64.Build.0 = Release|Any CPU
		{5F05841D-99F9-4305-A770-C6E59794DA0B}.AppStore|x86.ActiveCfg = Release|Any CPU
		{5F05841D-99F9-4305-A770-C6E59794DA0B}.AppStore|x86.Build.0 = Release|Any CPU
		{5F05841D-99F9-4305-A770-C6E59794DA0B}.Debug|Any CPU.ActiveCfg = Debug|Any CPU
		{5F05841D-99F9-4305-A770-C6E59794DA0B}.Debug|Any CPU.Build.0 = Debug|Any CPU
		{5F05841D-99F9-4305-A770-C6E59794DA0B}.Debug|ARM.ActiveCfg = Debug|Any CPU
		{5F05841D-99F9-4305-A770-C6E59794DA0B}.Debug|ARM.Build.0 = Debug|Any CPU
		{5F05841D-99F9-4305-A770-C6E59794DA0B}.Debug|iPhone.ActiveCfg = Debug|Any CPU
		{5F05841D-99F9-4305-A770-C6E59794DA0B}.Debug|iPhone.Build.0 = Debug|Any CPU
		{5F05841D-99F9-4305-A770-C6E59794DA0B}.Debug|iPhoneSimulator.ActiveCfg = Debug|Any CPU
		{5F05841D-99F9-4305-A770-C6E59794DA0B}.Debug|iPhoneSimulator.Build.0 = Debug|Any CPU
		{5F05841D-99F9-4305-A770-C6E59794DA0B}.Debug|x64.ActiveCfg = Debug|Any CPU
		{5F05841D-99F9-4305-A770-C6E59794DA0B}.Debug|x64.Build.0 = Debug|Any CPU
		{5F05841D-99F9-4305-A770-C6E59794DA0B}.Debug|x86.ActiveCfg = Debug|Any CPU
		{5F05841D-99F9-4305-A770-C6E59794DA0B}.Debug|x86.Build.0 = Debug|Any CPU
		{5F05841D-99F9-4305-A770-C6E59794DA0B}.Release|Any CPU.ActiveCfg = Release|Any CPU
		{5F05841D-99F9-4305-A770-C6E59794DA0B}.Release|Any CPU.Build.0 = Release|Any CPU
		{5F05841D-99F9-4305-A770-C6E59794DA0B}.Release|ARM.ActiveCfg = Release|Any CPU
		{5F05841D-99F9-4305-A770-C6E59794DA0B}.Release|ARM.Build.0 = Release|Any CPU
		{5F05841D-99F9-4305-A770-C6E59794DA0B}.Release|iPhone.ActiveCfg = Release|Any CPU
		{5F05841D-99F9-4305-A770-C6E59794DA0B}.Release|iPhone.Build.0 = Release|Any CPU
		{5F05841D-99F9-4305-A770-C6E59794DA0B}.Release|iPhoneSimulator.ActiveCfg = Release|Any CPU
		{5F05841D-99F9-4305-A770-C6E59794DA0B}.Release|iPhoneSimulator.Build.0 = Release|Any CPU
		{5F05841D-99F9-4305-A770-C6E59794DA0B}.Release|x64.ActiveCfg = Release|Any CPU
		{5F05841D-99F9-4305-A770-C6E59794DA0B}.Release|x64.Build.0 = Release|Any CPU
		{5F05841D-99F9-4305-A770-C6E59794DA0B}.Release|x86.ActiveCfg = Release|Any CPU
		{5F05841D-99F9-4305-A770-C6E59794DA0B}.Release|x86.Build.0 = Release|Any CPU
		{8F0EFEDB-3A97-44BC-90EC-4AB1C125B19A}.Ad-Hoc|Any CPU.ActiveCfg = Release|Any CPU
		{8F0EFEDB-3A97-44BC-90EC-4AB1C125B19A}.Ad-Hoc|Any CPU.Build.0 = Release|Any CPU
		{8F0EFEDB-3A97-44BC-90EC-4AB1C125B19A}.Ad-Hoc|ARM.ActiveCfg = Release|Any CPU
		{8F0EFEDB-3A97-44BC-90EC-4AB1C125B19A}.Ad-Hoc|ARM.Build.0 = Release|Any CPU
		{8F0EFEDB-3A97-44BC-90EC-4AB1C125B19A}.Ad-Hoc|iPhone.ActiveCfg = Release|Any CPU
		{8F0EFEDB-3A97-44BC-90EC-4AB1C125B19A}.Ad-Hoc|iPhone.Build.0 = Release|Any CPU
		{8F0EFEDB-3A97-44BC-90EC-4AB1C125B19A}.Ad-Hoc|iPhoneSimulator.ActiveCfg = Release|Any CPU
		{8F0EFEDB-3A97-44BC-90EC-4AB1C125B19A}.Ad-Hoc|iPhoneSimulator.Build.0 = Release|Any CPU
		{8F0EFEDB-3A97-44BC-90EC-4AB1C125B19A}.Ad-Hoc|x64.ActiveCfg = Release|Any CPU
		{8F0EFEDB-3A97-44BC-90EC-4AB1C125B19A}.Ad-Hoc|x64.Build.0 = Release|Any CPU
		{8F0EFEDB-3A97-44BC-90EC-4AB1C125B19A}.Ad-Hoc|x86.ActiveCfg = Release|Any CPU
		{8F0EFEDB-3A97-44BC-90EC-4AB1C125B19A}.Ad-Hoc|x86.Build.0 = Release|Any CPU
		{8F0EFEDB-3A97-44BC-90EC-4AB1C125B19A}.AppStore|Any CPU.ActiveCfg = Release|Any CPU
		{8F0EFEDB-3A97-44BC-90EC-4AB1C125B19A}.AppStore|Any CPU.Build.0 = Release|Any CPU
		{8F0EFEDB-3A97-44BC-90EC-4AB1C125B19A}.AppStore|ARM.ActiveCfg = Release|Any CPU
		{8F0EFEDB-3A97-44BC-90EC-4AB1C125B19A}.AppStore|ARM.Build.0 = Release|Any CPU
		{8F0EFEDB-3A97-44BC-90EC-4AB1C125B19A}.AppStore|iPhone.ActiveCfg = Release|Any CPU
		{8F0EFEDB-3A97-44BC-90EC-4AB1C125B19A}.AppStore|iPhone.Build.0 = Release|Any CPU
		{8F0EFEDB-3A97-44BC-90EC-4AB1C125B19A}.AppStore|iPhoneSimulator.ActiveCfg = Release|Any CPU
		{8F0EFEDB-3A97-44BC-90EC-4AB1C125B19A}.AppStore|iPhoneSimulator.Build.0 = Release|Any CPU
		{8F0EFEDB-3A97-44BC-90EC-4AB1C125B19A}.AppStore|x64.ActiveCfg = Release|Any CPU
		{8F0EFEDB-3A97-44BC-90EC-4AB1C125B19A}.AppStore|x64.Build.0 = Release|Any CPU
		{8F0EFEDB-3A97-44BC-90EC-4AB1C125B19A}.AppStore|x86.ActiveCfg = Release|Any CPU
		{8F0EFEDB-3A97-44BC-90EC-4AB1C125B19A}.AppStore|x86.Build.0 = Release|Any CPU
		{8F0EFEDB-3A97-44BC-90EC-4AB1C125B19A}.Debug|Any CPU.ActiveCfg = Debug|Any CPU
		{8F0EFEDB-3A97-44BC-90EC-4AB1C125B19A}.Debug|Any CPU.Build.0 = Debug|Any CPU
		{8F0EFEDB-3A97-44BC-90EC-4AB1C125B19A}.Debug|ARM.ActiveCfg = Debug|Any CPU
		{8F0EFEDB-3A97-44BC-90EC-4AB1C125B19A}.Debug|ARM.Build.0 = Debug|Any CPU
		{8F0EFEDB-3A97-44BC-90EC-4AB1C125B19A}.Debug|iPhone.ActiveCfg = Debug|Any CPU
		{8F0EFEDB-3A97-44BC-90EC-4AB1C125B19A}.Debug|iPhone.Build.0 = Debug|Any CPU
		{8F0EFEDB-3A97-44BC-90EC-4AB1C125B19A}.Debug|iPhoneSimulator.ActiveCfg = Debug|Any CPU
		{8F0EFEDB-3A97-44BC-90EC-4AB1C125B19A}.Debug|iPhoneSimulator.Build.0 = Debug|Any CPU
		{8F0EFEDB-3A97-44BC-90EC-4AB1C125B19A}.Debug|x64.ActiveCfg = Debug|Any CPU
		{8F0EFEDB-3A97-44BC-90EC-4AB1C125B19A}.Debug|x64.Build.0 = Debug|Any CPU
		{8F0EFEDB-3A97-44BC-90EC-4AB1C125B19A}.Debug|x86.ActiveCfg = Debug|Any CPU
		{8F0EFEDB-3A97-44BC-90EC-4AB1C125B19A}.Debug|x86.Build.0 = Debug|Any CPU
		{8F0EFEDB-3A97-44BC-90EC-4AB1C125B19A}.Release|Any CPU.ActiveCfg = Release|Any CPU
		{8F0EFEDB-3A97-44BC-90EC-4AB1C125B19A}.Release|Any CPU.Build.0 = Release|Any CPU
		{8F0EFEDB-3A97-44BC-90EC-4AB1C125B19A}.Release|ARM.ActiveCfg = Release|Any CPU
		{8F0EFEDB-3A97-44BC-90EC-4AB1C125B19A}.Release|ARM.Build.0 = Release|Any CPU
		{8F0EFEDB-3A97-44BC-90EC-4AB1C125B19A}.Release|iPhone.ActiveCfg = Release|Any CPU
		{8F0EFEDB-3A97-44BC-90EC-4AB1C125B19A}.Release|iPhone.Build.0 = Release|Any CPU
		{8F0EFEDB-3A97-44BC-90EC-4AB1C125B19A}.Release|iPhoneSimulator.ActiveCfg = Release|Any CPU
		{8F0EFEDB-3A97-44BC-90EC-4AB1C125B19A}.Release|iPhoneSimulator.Build.0 = Release|Any CPU
		{8F0EFEDB-3A97-44BC-90EC-4AB1C125B19A}.Release|x64.ActiveCfg = Release|Any CPU
		{8F0EFEDB-3A97-44BC-90EC-4AB1C125B19A}.Release|x64.Build.0 = Release|Any CPU
		{8F0EFEDB-3A97-44BC-90EC-4AB1C125B19A}.Release|x86.ActiveCfg = Release|Any CPU
		{8F0EFEDB-3A97-44BC-90EC-4AB1C125B19A}.Release|x86.Build.0 = Release|Any CPU
		{491AED53-980D-4B1B-8541-7E2B0FFAC6A4}.Ad-Hoc|Any CPU.ActiveCfg = Release|Any CPU
		{491AED53-980D-4B1B-8541-7E2B0FFAC6A4}.Ad-Hoc|Any CPU.Build.0 = Release|Any CPU
		{491AED53-980D-4B1B-8541-7E2B0FFAC6A4}.Ad-Hoc|ARM.ActiveCfg = Release|Any CPU
		{491AED53-980D-4B1B-8541-7E2B0FFAC6A4}.Ad-Hoc|ARM.Build.0 = Release|Any CPU
		{491AED53-980D-4B1B-8541-7E2B0FFAC6A4}.Ad-Hoc|iPhone.ActiveCfg = Release|Any CPU
		{491AED53-980D-4B1B-8541-7E2B0FFAC6A4}.Ad-Hoc|iPhone.Build.0 = Release|Any CPU
		{491AED53-980D-4B1B-8541-7E2B0FFAC6A4}.Ad-Hoc|iPhoneSimulator.ActiveCfg = Release|Any CPU
		{491AED53-980D-4B1B-8541-7E2B0FFAC6A4}.Ad-Hoc|iPhoneSimulator.Build.0 = Release|Any CPU
		{491AED53-980D-4B1B-8541-7E2B0FFAC6A4}.Ad-Hoc|x64.ActiveCfg = Release|Any CPU
		{491AED53-980D-4B1B-8541-7E2B0FFAC6A4}.Ad-Hoc|x64.Build.0 = Release|Any CPU
		{491AED53-980D-4B1B-8541-7E2B0FFAC6A4}.Ad-Hoc|x86.ActiveCfg = Release|Any CPU
		{491AED53-980D-4B1B-8541-7E2B0FFAC6A4}.Ad-Hoc|x86.Build.0 = Release|Any CPU
		{491AED53-980D-4B1B-8541-7E2B0FFAC6A4}.AppStore|Any CPU.ActiveCfg = Release|Any CPU
		{491AED53-980D-4B1B-8541-7E2B0FFAC6A4}.AppStore|Any CPU.Build.0 = Release|Any CPU
		{491AED53-980D-4B1B-8541-7E2B0FFAC6A4}.AppStore|ARM.ActiveCfg = Release|Any CPU
		{491AED53-980D-4B1B-8541-7E2B0FFAC6A4}.AppStore|ARM.Build.0 = Release|Any CPU
		{491AED53-980D-4B1B-8541-7E2B0FFAC6A4}.AppStore|iPhone.ActiveCfg = Release|Any CPU
		{491AED53-980D-4B1B-8541-7E2B0FFAC6A4}.AppStore|iPhone.Build.0 = Release|Any CPU
		{491AED53-980D-4B1B-8541-7E2B0FFAC6A4}.AppStore|iPhoneSimulator.ActiveCfg = Release|Any CPU
		{491AED53-980D-4B1B-8541-7E2B0FFAC6A4}.AppStore|iPhoneSimulator.Build.0 = Release|Any CPU
		{491AED53-980D-4B1B-8541-7E2B0FFAC6A4}.AppStore|x64.ActiveCfg = Release|Any CPU
		{491AED53-980D-4B1B-8541-7E2B0FFAC6A4}.AppStore|x64.Build.0 = Release|Any CPU
		{491AED53-980D-4B1B-8541-7E2B0FFAC6A4}.AppStore|x86.ActiveCfg = Release|Any CPU
		{491AED53-980D-4B1B-8541-7E2B0FFAC6A4}.AppStore|x86.Build.0 = Release|Any CPU
		{491AED53-980D-4B1B-8541-7E2B0FFAC6A4}.Debug|Any CPU.ActiveCfg = Debug|Any CPU
		{491AED53-980D-4B1B-8541-7E2B0FFAC6A4}.Debug|Any CPU.Build.0 = Debug|Any CPU
		{491AED53-980D-4B1B-8541-7E2B0FFAC6A4}.Debug|ARM.ActiveCfg = Debug|Any CPU
		{491AED53-980D-4B1B-8541-7E2B0FFAC6A4}.Debug|ARM.Build.0 = Debug|Any CPU
		{491AED53-980D-4B1B-8541-7E2B0FFAC6A4}.Debug|iPhone.ActiveCfg = Debug|Any CPU
		{491AED53-980D-4B1B-8541-7E2B0FFAC6A4}.Debug|iPhone.Build.0 = Debug|Any CPU
		{491AED53-980D-4B1B-8541-7E2B0FFAC6A4}.Debug|iPhoneSimulator.ActiveCfg = Debug|Any CPU
		{491AED53-980D-4B1B-8541-7E2B0FFAC6A4}.Debug|iPhoneSimulator.Build.0 = Debug|Any CPU
		{491AED53-980D-4B1B-8541-7E2B0FFAC6A4}.Debug|x64.ActiveCfg = Debug|Any CPU
		{491AED53-980D-4B1B-8541-7E2B0FFAC6A4}.Debug|x64.Build.0 = Debug|Any CPU
		{491AED53-980D-4B1B-8541-7E2B0FFAC6A4}.Debug|x86.ActiveCfg = Debug|Any CPU
		{491AED53-980D-4B1B-8541-7E2B0FFAC6A4}.Debug|x86.Build.0 = Debug|Any CPU
		{491AED53-980D-4B1B-8541-7E2B0FFAC6A4}.Release|Any CPU.ActiveCfg = Release|Any CPU
		{491AED53-980D-4B1B-8541-7E2B0FFAC6A4}.Release|Any CPU.Build.0 = Release|Any CPU
		{491AED53-980D-4B1B-8541-7E2B0FFAC6A4}.Release|ARM.ActiveCfg = Release|Any CPU
		{491AED53-980D-4B1B-8541-7E2B0FFAC6A4}.Release|ARM.Build.0 = Release|Any CPU
		{491AED53-980D-4B1B-8541-7E2B0FFAC6A4}.Release|iPhone.ActiveCfg = Release|Any CPU
		{491AED53-980D-4B1B-8541-7E2B0FFAC6A4}.Release|iPhone.Build.0 = Release|Any CPU
		{491AED53-980D-4B1B-8541-7E2B0FFAC6A4}.Release|iPhoneSimulator.ActiveCfg = Release|Any CPU
		{491AED53-980D-4B1B-8541-7E2B0FFAC6A4}.Release|iPhoneSimulator.Build.0 = Release|Any CPU
		{491AED53-980D-4B1B-8541-7E2B0FFAC6A4}.Release|x64.ActiveCfg = Release|Any CPU
		{491AED53-980D-4B1B-8541-7E2B0FFAC6A4}.Release|x64.Build.0 = Release|Any CPU
		{491AED53-980D-4B1B-8541-7E2B0FFAC6A4}.Release|x86.ActiveCfg = Release|Any CPU
		{491AED53-980D-4B1B-8541-7E2B0FFAC6A4}.Release|x86.Build.0 = Release|Any CPU
		{8DA76ACD-2CB0-4DB8-A5A5-8B686DA380C8}.Ad-Hoc|Any CPU.ActiveCfg = Release|Any CPU
		{8DA76ACD-2CB0-4DB8-A5A5-8B686DA380C8}.Ad-Hoc|Any CPU.Build.0 = Release|Any CPU
		{8DA76ACD-2CB0-4DB8-A5A5-8B686DA380C8}.Ad-Hoc|Any CPU.Deploy.0 = Release|Any CPU
		{8DA76ACD-2CB0-4DB8-A5A5-8B686DA380C8}.Ad-Hoc|ARM.ActiveCfg = Release|Any CPU
		{8DA76ACD-2CB0-4DB8-A5A5-8B686DA380C8}.Ad-Hoc|ARM.Build.0 = Release|Any CPU
		{8DA76ACD-2CB0-4DB8-A5A5-8B686DA380C8}.Ad-Hoc|ARM.Deploy.0 = Release|Any CPU
		{8DA76ACD-2CB0-4DB8-A5A5-8B686DA380C8}.Ad-Hoc|iPhone.ActiveCfg = Release|Any CPU
		{8DA76ACD-2CB0-4DB8-A5A5-8B686DA380C8}.Ad-Hoc|iPhone.Build.0 = Release|Any CPU
		{8DA76ACD-2CB0-4DB8-A5A5-8B686DA380C8}.Ad-Hoc|iPhone.Deploy.0 = Release|Any CPU
		{8DA76ACD-2CB0-4DB8-A5A5-8B686DA380C8}.Ad-Hoc|iPhoneSimulator.ActiveCfg = Release|Any CPU
		{8DA76ACD-2CB0-4DB8-A5A5-8B686DA380C8}.Ad-Hoc|iPhoneSimulator.Build.0 = Release|Any CPU
		{8DA76ACD-2CB0-4DB8-A5A5-8B686DA380C8}.Ad-Hoc|iPhoneSimulator.Deploy.0 = Release|Any CPU
		{8DA76ACD-2CB0-4DB8-A5A5-8B686DA380C8}.Ad-Hoc|x64.ActiveCfg = Release|Any CPU
		{8DA76ACD-2CB0-4DB8-A5A5-8B686DA380C8}.Ad-Hoc|x64.Build.0 = Release|Any CPU
		{8DA76ACD-2CB0-4DB8-A5A5-8B686DA380C8}.Ad-Hoc|x64.Deploy.0 = Release|Any CPU
		{8DA76ACD-2CB0-4DB8-A5A5-8B686DA380C8}.Ad-Hoc|x86.ActiveCfg = Release|Any CPU
		{8DA76ACD-2CB0-4DB8-A5A5-8B686DA380C8}.Ad-Hoc|x86.Build.0 = Release|Any CPU
		{8DA76ACD-2CB0-4DB8-A5A5-8B686DA380C8}.Ad-Hoc|x86.Deploy.0 = Release|Any CPU
		{8DA76ACD-2CB0-4DB8-A5A5-8B686DA380C8}.AppStore|Any CPU.ActiveCfg = Release|Any CPU
		{8DA76ACD-2CB0-4DB8-A5A5-8B686DA380C8}.AppStore|Any CPU.Build.0 = Release|Any CPU
		{8DA76ACD-2CB0-4DB8-A5A5-8B686DA380C8}.AppStore|Any CPU.Deploy.0 = Release|Any CPU
		{8DA76ACD-2CB0-4DB8-A5A5-8B686DA380C8}.AppStore|ARM.ActiveCfg = Release|Any CPU
		{8DA76ACD-2CB0-4DB8-A5A5-8B686DA380C8}.AppStore|ARM.Build.0 = Release|Any CPU
		{8DA76ACD-2CB0-4DB8-A5A5-8B686DA380C8}.AppStore|ARM.Deploy.0 = Release|Any CPU
		{8DA76ACD-2CB0-4DB8-A5A5-8B686DA380C8}.AppStore|iPhone.ActiveCfg = Release|Any CPU
		{8DA76ACD-2CB0-4DB8-A5A5-8B686DA380C8}.AppStore|iPhone.Build.0 = Release|Any CPU
		{8DA76ACD-2CB0-4DB8-A5A5-8B686DA380C8}.AppStore|iPhone.Deploy.0 = Release|Any CPU
		{8DA76ACD-2CB0-4DB8-A5A5-8B686DA380C8}.AppStore|iPhoneSimulator.ActiveCfg = Release|Any CPU
		{8DA76ACD-2CB0-4DB8-A5A5-8B686DA380C8}.AppStore|iPhoneSimulator.Build.0 = Release|Any CPU
		{8DA76ACD-2CB0-4DB8-A5A5-8B686DA380C8}.AppStore|iPhoneSimulator.Deploy.0 = Release|Any CPU
		{8DA76ACD-2CB0-4DB8-A5A5-8B686DA380C8}.AppStore|x64.ActiveCfg = Release|Any CPU
		{8DA76ACD-2CB0-4DB8-A5A5-8B686DA380C8}.AppStore|x64.Build.0 = Release|Any CPU
		{8DA76ACD-2CB0-4DB8-A5A5-8B686DA380C8}.AppStore|x64.Deploy.0 = Release|Any CPU
		{8DA76ACD-2CB0-4DB8-A5A5-8B686DA380C8}.AppStore|x86.ActiveCfg = Release|Any CPU
		{8DA76ACD-2CB0-4DB8-A5A5-8B686DA380C8}.AppStore|x86.Build.0 = Release|Any CPU
		{8DA76ACD-2CB0-4DB8-A5A5-8B686DA380C8}.AppStore|x86.Deploy.0 = Release|Any CPU
		{8DA76ACD-2CB0-4DB8-A5A5-8B686DA380C8}.Debug|Any CPU.ActiveCfg = Debug|Any CPU
		{8DA76ACD-2CB0-4DB8-A5A5-8B686DA380C8}.Debug|Any CPU.Build.0 = Debug|Any CPU
		{8DA76ACD-2CB0-4DB8-A5A5-8B686DA380C8}.Debug|Any CPU.Deploy.0 = Debug|Any CPU
		{8DA76ACD-2CB0-4DB8-A5A5-8B686DA380C8}.Debug|ARM.ActiveCfg = Debug|Any CPU
		{8DA76ACD-2CB0-4DB8-A5A5-8B686DA380C8}.Debug|ARM.Build.0 = Debug|Any CPU
		{8DA76ACD-2CB0-4DB8-A5A5-8B686DA380C8}.Debug|ARM.Deploy.0 = Debug|Any CPU
		{8DA76ACD-2CB0-4DB8-A5A5-8B686DA380C8}.Debug|iPhone.ActiveCfg = Debug|Any CPU
		{8DA76ACD-2CB0-4DB8-A5A5-8B686DA380C8}.Debug|iPhone.Build.0 = Debug|Any CPU
		{8DA76ACD-2CB0-4DB8-A5A5-8B686DA380C8}.Debug|iPhone.Deploy.0 = Debug|Any CPU
		{8DA76ACD-2CB0-4DB8-A5A5-8B686DA380C8}.Debug|iPhoneSimulator.ActiveCfg = Debug|Any CPU
		{8DA76ACD-2CB0-4DB8-A5A5-8B686DA380C8}.Debug|iPhoneSimulator.Build.0 = Debug|Any CPU
		{8DA76ACD-2CB0-4DB8-A5A5-8B686DA380C8}.Debug|iPhoneSimulator.Deploy.0 = Debug|Any CPU
		{8DA76ACD-2CB0-4DB8-A5A5-8B686DA380C8}.Debug|x64.ActiveCfg = Debug|Any CPU
		{8DA76ACD-2CB0-4DB8-A5A5-8B686DA380C8}.Debug|x64.Build.0 = Debug|Any CPU
		{8DA76ACD-2CB0-4DB8-A5A5-8B686DA380C8}.Debug|x64.Deploy.0 = Debug|Any CPU
		{8DA76ACD-2CB0-4DB8-A5A5-8B686DA380C8}.Debug|x86.ActiveCfg = Debug|Any CPU
		{8DA76ACD-2CB0-4DB8-A5A5-8B686DA380C8}.Debug|x86.Build.0 = Debug|Any CPU
		{8DA76ACD-2CB0-4DB8-A5A5-8B686DA380C8}.Debug|x86.Deploy.0 = Debug|Any CPU
		{8DA76ACD-2CB0-4DB8-A5A5-8B686DA380C8}.Release|Any CPU.ActiveCfg = Release|Any CPU
		{8DA76ACD-2CB0-4DB8-A5A5-8B686DA380C8}.Release|Any CPU.Build.0 = Release|Any CPU
		{8DA76ACD-2CB0-4DB8-A5A5-8B686DA380C8}.Release|Any CPU.Deploy.0 = Release|Any CPU
		{8DA76ACD-2CB0-4DB8-A5A5-8B686DA380C8}.Release|ARM.ActiveCfg = Release|Any CPU
		{8DA76ACD-2CB0-4DB8-A5A5-8B686DA380C8}.Release|ARM.Build.0 = Release|Any CPU
		{8DA76ACD-2CB0-4DB8-A5A5-8B686DA380C8}.Release|ARM.Deploy.0 = Release|Any CPU
		{8DA76ACD-2CB0-4DB8-A5A5-8B686DA380C8}.Release|iPhone.ActiveCfg = Release|Any CPU
		{8DA76ACD-2CB0-4DB8-A5A5-8B686DA380C8}.Release|iPhone.Build.0 = Release|Any CPU
		{8DA76ACD-2CB0-4DB8-A5A5-8B686DA380C8}.Release|iPhone.Deploy.0 = Release|Any CPU
		{8DA76ACD-2CB0-4DB8-A5A5-8B686DA380C8}.Release|iPhoneSimulator.ActiveCfg = Release|Any CPU
		{8DA76ACD-2CB0-4DB8-A5A5-8B686DA380C8}.Release|iPhoneSimulator.Build.0 = Release|Any CPU
		{8DA76ACD-2CB0-4DB8-A5A5-8B686DA380C8}.Release|iPhoneSimulator.Deploy.0 = Release|Any CPU
		{8DA76ACD-2CB0-4DB8-A5A5-8B686DA380C8}.Release|x64.ActiveCfg = Release|Any CPU
		{8DA76ACD-2CB0-4DB8-A5A5-8B686DA380C8}.Release|x64.Build.0 = Release|Any CPU
		{8DA76ACD-2CB0-4DB8-A5A5-8B686DA380C8}.Release|x64.Deploy.0 = Release|Any CPU
		{8DA76ACD-2CB0-4DB8-A5A5-8B686DA380C8}.Release|x86.ActiveCfg = Release|Any CPU
		{8DA76ACD-2CB0-4DB8-A5A5-8B686DA380C8}.Release|x86.Build.0 = Release|Any CPU
		{8DA76ACD-2CB0-4DB8-A5A5-8B686DA380C8}.Release|x86.Deploy.0 = Release|Any CPU
		{5CE16738-EDD0-4B31-811D-A51C9AA3FB5A}.Ad-Hoc|Any CPU.ActiveCfg = Ad-Hoc|iPhone
		{5CE16738-EDD0-4B31-811D-A51C9AA3FB5A}.Ad-Hoc|ARM.ActiveCfg = Ad-Hoc|iPhone
		{5CE16738-EDD0-4B31-811D-A51C9AA3FB5A}.Ad-Hoc|iPhone.ActiveCfg = Ad-Hoc|iPhone
		{5CE16738-EDD0-4B31-811D-A51C9AA3FB5A}.Ad-Hoc|iPhone.Build.0 = Ad-Hoc|iPhone
		{5CE16738-EDD0-4B31-811D-A51C9AA3FB5A}.Ad-Hoc|iPhoneSimulator.ActiveCfg = Ad-Hoc|iPhoneSimulator
		{5CE16738-EDD0-4B31-811D-A51C9AA3FB5A}.Ad-Hoc|iPhoneSimulator.Build.0 = Ad-Hoc|iPhoneSimulator
		{5CE16738-EDD0-4B31-811D-A51C9AA3FB5A}.Ad-Hoc|x64.ActiveCfg = Ad-Hoc|iPhone
		{5CE16738-EDD0-4B31-811D-A51C9AA3FB5A}.Ad-Hoc|x86.ActiveCfg = Ad-Hoc|iPhone
		{5CE16738-EDD0-4B31-811D-A51C9AA3FB5A}.AppStore|Any CPU.ActiveCfg = AppStore|iPhone
		{5CE16738-EDD0-4B31-811D-A51C9AA3FB5A}.AppStore|ARM.ActiveCfg = AppStore|iPhone
		{5CE16738-EDD0-4B31-811D-A51C9AA3FB5A}.AppStore|iPhone.ActiveCfg = AppStore|iPhone
		{5CE16738-EDD0-4B31-811D-A51C9AA3FB5A}.AppStore|iPhone.Build.0 = AppStore|iPhone
		{5CE16738-EDD0-4B31-811D-A51C9AA3FB5A}.AppStore|iPhoneSimulator.ActiveCfg = AppStore|iPhoneSimulator
		{5CE16738-EDD0-4B31-811D-A51C9AA3FB5A}.AppStore|iPhoneSimulator.Build.0 = AppStore|iPhoneSimulator
		{5CE16738-EDD0-4B31-811D-A51C9AA3FB5A}.AppStore|x64.ActiveCfg = AppStore|iPhone
		{5CE16738-EDD0-4B31-811D-A51C9AA3FB5A}.AppStore|x86.ActiveCfg = AppStore|iPhone
		{5CE16738-EDD0-4B31-811D-A51C9AA3FB5A}.Debug|Any CPU.ActiveCfg = Debug|iPhone
		{5CE16738-EDD0-4B31-811D-A51C9AA3FB5A}.Debug|ARM.ActiveCfg = Debug|iPhone
		{5CE16738-EDD0-4B31-811D-A51C9AA3FB5A}.Debug|iPhone.ActiveCfg = Debug|iPhone
		{5CE16738-EDD0-4B31-811D-A51C9AA3FB5A}.Debug|iPhone.Build.0 = Debug|iPhone
		{5CE16738-EDD0-4B31-811D-A51C9AA3FB5A}.Debug|iPhoneSimulator.ActiveCfg = Debug|iPhoneSimulator
		{5CE16738-EDD0-4B31-811D-A51C9AA3FB5A}.Debug|iPhoneSimulator.Build.0 = Debug|iPhoneSimulator
		{5CE16738-EDD0-4B31-811D-A51C9AA3FB5A}.Debug|x64.ActiveCfg = Debug|iPhone
		{5CE16738-EDD0-4B31-811D-A51C9AA3FB5A}.Debug|x86.ActiveCfg = Debug|iPhone
		{5CE16738-EDD0-4B31-811D-A51C9AA3FB5A}.Release|Any CPU.ActiveCfg = Release|iPhone
		{5CE16738-EDD0-4B31-811D-A51C9AA3FB5A}.Release|ARM.ActiveCfg = Release|iPhone
		{5CE16738-EDD0-4B31-811D-A51C9AA3FB5A}.Release|iPhone.ActiveCfg = Release|iPhone
		{5CE16738-EDD0-4B31-811D-A51C9AA3FB5A}.Release|iPhone.Build.0 = Release|iPhone
		{5CE16738-EDD0-4B31-811D-A51C9AA3FB5A}.Release|iPhoneSimulator.ActiveCfg = Release|iPhoneSimulator
		{5CE16738-EDD0-4B31-811D-A51C9AA3FB5A}.Release|iPhoneSimulator.Build.0 = Release|iPhoneSimulator
		{5CE16738-EDD0-4B31-811D-A51C9AA3FB5A}.Release|x64.ActiveCfg = Release|iPhone
		{5CE16738-EDD0-4B31-811D-A51C9AA3FB5A}.Release|x86.ActiveCfg = Release|iPhone
		{42C0466A-30E7-4789-9FC1-889635ADC8F8}.Ad-Hoc|Any CPU.ActiveCfg = Release|Any CPU
		{42C0466A-30E7-4789-9FC1-889635ADC8F8}.Ad-Hoc|Any CPU.Build.0 = Release|Any CPU
		{42C0466A-30E7-4789-9FC1-889635ADC8F8}.Ad-Hoc|Any CPU.Deploy.0 = Release|Any CPU
		{42C0466A-30E7-4789-9FC1-889635ADC8F8}.Ad-Hoc|ARM.ActiveCfg = Release|ARM
		{42C0466A-30E7-4789-9FC1-889635ADC8F8}.Ad-Hoc|ARM.Build.0 = Release|ARM
		{42C0466A-30E7-4789-9FC1-889635ADC8F8}.Ad-Hoc|ARM.Deploy.0 = Release|ARM
		{42C0466A-30E7-4789-9FC1-889635ADC8F8}.Ad-Hoc|iPhone.ActiveCfg = Release|Any CPU
		{42C0466A-30E7-4789-9FC1-889635ADC8F8}.Ad-Hoc|iPhone.Build.0 = Release|Any CPU
		{42C0466A-30E7-4789-9FC1-889635ADC8F8}.Ad-Hoc|iPhone.Deploy.0 = Release|Any CPU
		{42C0466A-30E7-4789-9FC1-889635ADC8F8}.Ad-Hoc|iPhoneSimulator.ActiveCfg = Release|Any CPU
		{42C0466A-30E7-4789-9FC1-889635ADC8F8}.Ad-Hoc|iPhoneSimulator.Build.0 = Release|Any CPU
		{42C0466A-30E7-4789-9FC1-889635ADC8F8}.Ad-Hoc|iPhoneSimulator.Deploy.0 = Release|Any CPU
		{42C0466A-30E7-4789-9FC1-889635ADC8F8}.Ad-Hoc|x64.ActiveCfg = Release|Any CPU
		{42C0466A-30E7-4789-9FC1-889635ADC8F8}.Ad-Hoc|x64.Build.0 = Release|Any CPU
		{42C0466A-30E7-4789-9FC1-889635ADC8F8}.Ad-Hoc|x64.Deploy.0 = Release|Any CPU
		{42C0466A-30E7-4789-9FC1-889635ADC8F8}.Ad-Hoc|x86.ActiveCfg = Release|x86
		{42C0466A-30E7-4789-9FC1-889635ADC8F8}.Ad-Hoc|x86.Build.0 = Release|x86
		{42C0466A-30E7-4789-9FC1-889635ADC8F8}.Ad-Hoc|x86.Deploy.0 = Release|x86
		{42C0466A-30E7-4789-9FC1-889635ADC8F8}.AppStore|Any CPU.ActiveCfg = Release|Any CPU
		{42C0466A-30E7-4789-9FC1-889635ADC8F8}.AppStore|Any CPU.Build.0 = Release|Any CPU
		{42C0466A-30E7-4789-9FC1-889635ADC8F8}.AppStore|Any CPU.Deploy.0 = Release|Any CPU
		{42C0466A-30E7-4789-9FC1-889635ADC8F8}.AppStore|ARM.ActiveCfg = Release|ARM
		{42C0466A-30E7-4789-9FC1-889635ADC8F8}.AppStore|ARM.Build.0 = Release|ARM
		{42C0466A-30E7-4789-9FC1-889635ADC8F8}.AppStore|ARM.Deploy.0 = Release|ARM
		{42C0466A-30E7-4789-9FC1-889635ADC8F8}.AppStore|iPhone.ActiveCfg = Release|Any CPU
		{42C0466A-30E7-4789-9FC1-889635ADC8F8}.AppStore|iPhone.Build.0 = Release|Any CPU
		{42C0466A-30E7-4789-9FC1-889635ADC8F8}.AppStore|iPhone.Deploy.0 = Release|Any CPU
		{42C0466A-30E7-4789-9FC1-889635ADC8F8}.AppStore|iPhoneSimulator.ActiveCfg = Release|Any CPU
		{42C0466A-30E7-4789-9FC1-889635ADC8F8}.AppStore|iPhoneSimulator.Build.0 = Release|Any CPU
		{42C0466A-30E7-4789-9FC1-889635ADC8F8}.AppStore|iPhoneSimulator.Deploy.0 = Release|Any CPU
		{42C0466A-30E7-4789-9FC1-889635ADC8F8}.AppStore|x64.ActiveCfg = Release|Any CPU
		{42C0466A-30E7-4789-9FC1-889635ADC8F8}.AppStore|x64.Build.0 = Release|Any CPU
		{42C0466A-30E7-4789-9FC1-889635ADC8F8}.AppStore|x64.Deploy.0 = Release|Any CPU
		{42C0466A-30E7-4789-9FC1-889635ADC8F8}.AppStore|x86.ActiveCfg = Release|x86
		{42C0466A-30E7-4789-9FC1-889635ADC8F8}.AppStore|x86.Build.0 = Release|x86
		{42C0466A-30E7-4789-9FC1-889635ADC8F8}.AppStore|x86.Deploy.0 = Release|x86
		{42C0466A-30E7-4789-9FC1-889635ADC8F8}.Debug|Any CPU.ActiveCfg = Debug|Any CPU
		{42C0466A-30E7-4789-9FC1-889635ADC8F8}.Debug|Any CPU.Build.0 = Debug|Any CPU
		{42C0466A-30E7-4789-9FC1-889635ADC8F8}.Debug|Any CPU.Deploy.0 = Debug|Any CPU
		{42C0466A-30E7-4789-9FC1-889635ADC8F8}.Debug|ARM.ActiveCfg = Debug|ARM
		{42C0466A-30E7-4789-9FC1-889635ADC8F8}.Debug|ARM.Build.0 = Debug|ARM
		{42C0466A-30E7-4789-9FC1-889635ADC8F8}.Debug|ARM.Deploy.0 = Debug|ARM
		{42C0466A-30E7-4789-9FC1-889635ADC8F8}.Debug|iPhone.ActiveCfg = Debug|Any CPU
		{42C0466A-30E7-4789-9FC1-889635ADC8F8}.Debug|iPhone.Build.0 = Debug|Any CPU
		{42C0466A-30E7-4789-9FC1-889635ADC8F8}.Debug|iPhone.Deploy.0 = Debug|Any CPU
		{42C0466A-30E7-4789-9FC1-889635ADC8F8}.Debug|iPhoneSimulator.ActiveCfg = Debug|Any CPU
		{42C0466A-30E7-4789-9FC1-889635ADC8F8}.Debug|iPhoneSimulator.Build.0 = Debug|Any CPU
		{42C0466A-30E7-4789-9FC1-889635ADC8F8}.Debug|iPhoneSimulator.Deploy.0 = Debug|Any CPU
		{42C0466A-30E7-4789-9FC1-889635ADC8F8}.Debug|x64.ActiveCfg = Debug|Any CPU
		{42C0466A-30E7-4789-9FC1-889635ADC8F8}.Debug|x64.Build.0 = Debug|Any CPU
		{42C0466A-30E7-4789-9FC1-889635ADC8F8}.Debug|x64.Deploy.0 = Debug|Any CPU
		{42C0466A-30E7-4789-9FC1-889635ADC8F8}.Debug|x86.ActiveCfg = Debug|x86
		{42C0466A-30E7-4789-9FC1-889635ADC8F8}.Debug|x86.Build.0 = Debug|x86
		{42C0466A-30E7-4789-9FC1-889635ADC8F8}.Debug|x86.Deploy.0 = Debug|x86
		{42C0466A-30E7-4789-9FC1-889635ADC8F8}.Release|Any CPU.ActiveCfg = Release|Any CPU
		{42C0466A-30E7-4789-9FC1-889635ADC8F8}.Release|Any CPU.Build.0 = Release|Any CPU
		{42C0466A-30E7-4789-9FC1-889635ADC8F8}.Release|Any CPU.Deploy.0 = Release|Any CPU
		{42C0466A-30E7-4789-9FC1-889635ADC8F8}.Release|ARM.ActiveCfg = Release|ARM
		{42C0466A-30E7-4789-9FC1-889635ADC8F8}.Release|ARM.Build.0 = Release|ARM
		{42C0466A-30E7-4789-9FC1-889635ADC8F8}.Release|ARM.Deploy.0 = Release|ARM
		{42C0466A-30E7-4789-9FC1-889635ADC8F8}.Release|iPhone.ActiveCfg = Release|Any CPU
		{42C0466A-30E7-4789-9FC1-889635ADC8F8}.Release|iPhone.Build.0 = Release|Any CPU
		{42C0466A-30E7-4789-9FC1-889635ADC8F8}.Release|iPhone.Deploy.0 = Release|Any CPU
		{42C0466A-30E7-4789-9FC1-889635ADC8F8}.Release|iPhoneSimulator.ActiveCfg = Release|Any CPU
		{42C0466A-30E7-4789-9FC1-889635ADC8F8}.Release|iPhoneSimulator.Build.0 = Release|Any CPU
		{42C0466A-30E7-4789-9FC1-889635ADC8F8}.Release|iPhoneSimulator.Deploy.0 = Release|Any CPU
		{42C0466A-30E7-4789-9FC1-889635ADC8F8}.Release|x64.ActiveCfg = Release|Any CPU
		{42C0466A-30E7-4789-9FC1-889635ADC8F8}.Release|x64.Build.0 = Release|Any CPU
		{42C0466A-30E7-4789-9FC1-889635ADC8F8}.Release|x64.Deploy.0 = Release|Any CPU
		{42C0466A-30E7-4789-9FC1-889635ADC8F8}.Release|x86.ActiveCfg = Release|x86
		{42C0466A-30E7-4789-9FC1-889635ADC8F8}.Release|x86.Build.0 = Release|x86
		{42C0466A-30E7-4789-9FC1-889635ADC8F8}.Release|x86.Deploy.0 = Release|x86
		{34A627DE-A8C3-4239-838C-FA8420A11153}.Ad-Hoc|Any CPU.ActiveCfg = Release|Any CPU
		{34A627DE-A8C3-4239-838C-FA8420A11153}.Ad-Hoc|Any CPU.Build.0 = Release|Any CPU
		{34A627DE-A8C3-4239-838C-FA8420A11153}.Ad-Hoc|Any CPU.Deploy.0 = Release|Any CPU
		{34A627DE-A8C3-4239-838C-FA8420A11153}.Ad-Hoc|ARM.ActiveCfg = Release|ARM
		{34A627DE-A8C3-4239-838C-FA8420A11153}.Ad-Hoc|ARM.Build.0 = Release|ARM
		{34A627DE-A8C3-4239-838C-FA8420A11153}.Ad-Hoc|ARM.Deploy.0 = Release|ARM
		{34A627DE-A8C3-4239-838C-FA8420A11153}.Ad-Hoc|iPhone.ActiveCfg = Release|Any CPU
		{34A627DE-A8C3-4239-838C-FA8420A11153}.Ad-Hoc|iPhone.Build.0 = Release|Any CPU
		{34A627DE-A8C3-4239-838C-FA8420A11153}.Ad-Hoc|iPhone.Deploy.0 = Release|Any CPU
		{34A627DE-A8C3-4239-838C-FA8420A11153}.Ad-Hoc|iPhoneSimulator.ActiveCfg = Release|Any CPU
		{34A627DE-A8C3-4239-838C-FA8420A11153}.Ad-Hoc|iPhoneSimulator.Build.0 = Release|Any CPU
		{34A627DE-A8C3-4239-838C-FA8420A11153}.Ad-Hoc|iPhoneSimulator.Deploy.0 = Release|Any CPU
		{34A627DE-A8C3-4239-838C-FA8420A11153}.Ad-Hoc|x64.ActiveCfg = Release|x64
		{34A627DE-A8C3-4239-838C-FA8420A11153}.Ad-Hoc|x64.Build.0 = Release|x64
		{34A627DE-A8C3-4239-838C-FA8420A11153}.Ad-Hoc|x64.Deploy.0 = Release|x64
		{34A627DE-A8C3-4239-838C-FA8420A11153}.Ad-Hoc|x86.ActiveCfg = Release|x86
		{34A627DE-A8C3-4239-838C-FA8420A11153}.Ad-Hoc|x86.Build.0 = Release|x86
		{34A627DE-A8C3-4239-838C-FA8420A11153}.Ad-Hoc|x86.Deploy.0 = Release|x86
		{34A627DE-A8C3-4239-838C-FA8420A11153}.AppStore|Any CPU.ActiveCfg = Release|Any CPU
		{34A627DE-A8C3-4239-838C-FA8420A11153}.AppStore|Any CPU.Build.0 = Release|Any CPU
		{34A627DE-A8C3-4239-838C-FA8420A11153}.AppStore|Any CPU.Deploy.0 = Release|Any CPU
		{34A627DE-A8C3-4239-838C-FA8420A11153}.AppStore|ARM.ActiveCfg = Release|ARM
		{34A627DE-A8C3-4239-838C-FA8420A11153}.AppStore|ARM.Build.0 = Release|ARM
		{34A627DE-A8C3-4239-838C-FA8420A11153}.AppStore|ARM.Deploy.0 = Release|ARM
		{34A627DE-A8C3-4239-838C-FA8420A11153}.AppStore|iPhone.ActiveCfg = Release|Any CPU
		{34A627DE-A8C3-4239-838C-FA8420A11153}.AppStore|iPhone.Build.0 = Release|Any CPU
		{34A627DE-A8C3-4239-838C-FA8420A11153}.AppStore|iPhone.Deploy.0 = Release|Any CPU
		{34A627DE-A8C3-4239-838C-FA8420A11153}.AppStore|iPhoneSimulator.ActiveCfg = Release|Any CPU
		{34A627DE-A8C3-4239-838C-FA8420A11153}.AppStore|iPhoneSimulator.Build.0 = Release|Any CPU
		{34A627DE-A8C3-4239-838C-FA8420A11153}.AppStore|iPhoneSimulator.Deploy.0 = Release|Any CPU
		{34A627DE-A8C3-4239-838C-FA8420A11153}.AppStore|x64.ActiveCfg = Release|x64
		{34A627DE-A8C3-4239-838C-FA8420A11153}.AppStore|x64.Build.0 = Release|x64
		{34A627DE-A8C3-4239-838C-FA8420A11153}.AppStore|x64.Deploy.0 = Release|x64
		{34A627DE-A8C3-4239-838C-FA8420A11153}.AppStore|x86.ActiveCfg = Release|x86
		{34A627DE-A8C3-4239-838C-FA8420A11153}.AppStore|x86.Build.0 = Release|x86
		{34A627DE-A8C3-4239-838C-FA8420A11153}.AppStore|x86.Deploy.0 = Release|x86
		{34A627DE-A8C3-4239-838C-FA8420A11153}.Debug|Any CPU.ActiveCfg = Debug|Any CPU
		{34A627DE-A8C3-4239-838C-FA8420A11153}.Debug|Any CPU.Build.0 = Debug|Any CPU
		{34A627DE-A8C3-4239-838C-FA8420A11153}.Debug|Any CPU.Deploy.0 = Debug|Any CPU
		{34A627DE-A8C3-4239-838C-FA8420A11153}.Debug|ARM.ActiveCfg = Debug|ARM
		{34A627DE-A8C3-4239-838C-FA8420A11153}.Debug|ARM.Build.0 = Debug|ARM
		{34A627DE-A8C3-4239-838C-FA8420A11153}.Debug|ARM.Deploy.0 = Debug|ARM
		{34A627DE-A8C3-4239-838C-FA8420A11153}.Debug|iPhone.ActiveCfg = Debug|Any CPU
		{34A627DE-A8C3-4239-838C-FA8420A11153}.Debug|iPhone.Build.0 = Debug|Any CPU
		{34A627DE-A8C3-4239-838C-FA8420A11153}.Debug|iPhone.Deploy.0 = Debug|Any CPU
		{34A627DE-A8C3-4239-838C-FA8420A11153}.Debug|iPhoneSimulator.ActiveCfg = Debug|Any CPU
		{34A627DE-A8C3-4239-838C-FA8420A11153}.Debug|iPhoneSimulator.Build.0 = Debug|Any CPU
		{34A627DE-A8C3-4239-838C-FA8420A11153}.Debug|iPhoneSimulator.Deploy.0 = Debug|Any CPU
		{34A627DE-A8C3-4239-838C-FA8420A11153}.Debug|x64.ActiveCfg = Debug|x64
		{34A627DE-A8C3-4239-838C-FA8420A11153}.Debug|x64.Build.0 = Debug|x64
		{34A627DE-A8C3-4239-838C-FA8420A11153}.Debug|x64.Deploy.0 = Debug|x64
		{34A627DE-A8C3-4239-838C-FA8420A11153}.Debug|x86.ActiveCfg = Debug|x86
		{34A627DE-A8C3-4239-838C-FA8420A11153}.Debug|x86.Build.0 = Debug|x86
		{34A627DE-A8C3-4239-838C-FA8420A11153}.Debug|x86.Deploy.0 = Debug|x86
		{34A627DE-A8C3-4239-838C-FA8420A11153}.Release|Any CPU.ActiveCfg = Release|Any CPU
		{34A627DE-A8C3-4239-838C-FA8420A11153}.Release|Any CPU.Build.0 = Release|Any CPU
		{34A627DE-A8C3-4239-838C-FA8420A11153}.Release|Any CPU.Deploy.0 = Release|Any CPU
		{34A627DE-A8C3-4239-838C-FA8420A11153}.Release|ARM.ActiveCfg = Release|ARM
		{34A627DE-A8C3-4239-838C-FA8420A11153}.Release|ARM.Build.0 = Release|ARM
		{34A627DE-A8C3-4239-838C-FA8420A11153}.Release|ARM.Deploy.0 = Release|ARM
		{34A627DE-A8C3-4239-838C-FA8420A11153}.Release|iPhone.ActiveCfg = Release|Any CPU
		{34A627DE-A8C3-4239-838C-FA8420A11153}.Release|iPhone.Build.0 = Release|Any CPU
		{34A627DE-A8C3-4239-838C-FA8420A11153}.Release|iPhone.Deploy.0 = Release|Any CPU
		{34A627DE-A8C3-4239-838C-FA8420A11153}.Release|iPhoneSimulator.ActiveCfg = Release|Any CPU
		{34A627DE-A8C3-4239-838C-FA8420A11153}.Release|iPhoneSimulator.Build.0 = Release|Any CPU
		{34A627DE-A8C3-4239-838C-FA8420A11153}.Release|iPhoneSimulator.Deploy.0 = Release|Any CPU
		{34A627DE-A8C3-4239-838C-FA8420A11153}.Release|x64.ActiveCfg = Release|x64
		{34A627DE-A8C3-4239-838C-FA8420A11153}.Release|x64.Build.0 = Release|x64
		{34A627DE-A8C3-4239-838C-FA8420A11153}.Release|x64.Deploy.0 = Release|x64
		{34A627DE-A8C3-4239-838C-FA8420A11153}.Release|x86.ActiveCfg = Release|x86
		{34A627DE-A8C3-4239-838C-FA8420A11153}.Release|x86.Build.0 = Release|x86
		{34A627DE-A8C3-4239-838C-FA8420A11153}.Release|x86.Deploy.0 = Release|x86
	EndGlobalSection
	GlobalSection(SolutionProperties) = preSolution
		HideSolutionNode = FALSE
	EndGlobalSection
	GlobalSection(NestedProjects) = preSolution
		{7CE34748-E083-4BEB-9B0F-A47A48A760EF} = {5723F025-FB91-4661-8563-7AEB8D2673B6}
		{73A7F009-5A6F-45E9-99D1-10D34695E896} = {5723F025-FB91-4661-8563-7AEB8D2673B6}
		{1F7D87DE-86D3-480B-AEF0-BF6819336236} = {688E1EBD-A730-4F66-AB00-935DD6093F21}
		{5F05841D-99F9-4305-A770-C6E59794DA0B} = {688E1EBD-A730-4F66-AB00-935DD6093F21}
		{8F0EFEDB-3A97-44BC-90EC-4AB1C125B19A} = {18266361-F3A4-4DA5-BBC8-21A9789E8F3F}
		{491AED53-980D-4B1B-8541-7E2B0FFAC6A4} = {18266361-F3A4-4DA5-BBC8-21A9789E8F3F}
		{8DA76ACD-2CB0-4DB8-A5A5-8B686DA380C8} = {F62ECDC4-DB8B-4338-87CA-8B5AC27B1883}
		{5CE16738-EDD0-4B31-811D-A51C9AA3FB5A} = {F62ECDC4-DB8B-4338-87CA-8B5AC27B1883}
		{42C0466A-30E7-4789-9FC1-889635ADC8F8} = {F62ECDC4-DB8B-4338-87CA-8B5AC27B1883}
		{34A627DE-A8C3-4239-838C-FA8420A11153} = {F62ECDC4-DB8B-4338-87CA-8B5AC27B1883}
		{BBE74A4E-5DFC-49F5-905E-AB01DDE8C041} = {F62ECDC4-DB8B-4338-87CA-8B5AC27B1883}
	EndGlobalSection
EndGlobal
